
Microsoft Visual Studio Solution File, Format Version 12.00
# Visual Studio 15
VisualStudioVersion = 15.0.26206.0
MinimumVisualStudioVersion = 10.0.40219.1
Project("{FAE04EC0-301F-11D3-BF4B-00C04F79EFBC}") = "Paint It, Black", "Paint It, Black\Paint It, Black.csproj", "{981DEB34-49BE-45C1-AA90-0065EE0D454C}"
EndProject
Global
	GlobalSection(SolutionConfigurationPlatforms) = preSolution
		Debug|Any CPU = Debug|Any CPU
		Release|Any CPU = Release|Any CPU
	EndGlobalSection
	GlobalSection(ProjectConfigurationPlatforms) = postSolution
		{981DEB34-49BE-45C1-AA90-0065EE0D454C}.Debug|Any CPU.ActiveCfg = Debug|Any CPU
		{981DEB34-49BE-45C1-AA90-0065EE0D454C}.Debug|Any CPU.Build.0 = Debug|Any CPU
		{981DEB34-49BE-45C1-AA90-0065EE0D454C}.Release|Any CPU.ActiveCfg = Release|Any CPU
		{981DEB34-49BE-45C1-AA90-0065EE0D454C}.Release|Any CPU.Build.0 = Release|Any CPU
	EndGlobalSection
	GlobalSection(SolutionProperties) = preSolution
		HideSolutionNode = FALSE
	EndGlobalSection
EndGlobal
